
Microsoft Visual Studio Solution File, Format Version 12.00
Project("{FAE04EC0-301F-11D3-BF4B-00C04F79EFBC}") = "sim6502", "sim6502\sim6502.csproj", "{48BBDA55-276F-4FA3-8D3E-C798630D725A}"
EndProject
Project("{FAE04EC0-301F-11D3-BF4B-00C04F79EFBC}") = "sim6502tests", "sim6502tests\sim6502tests.csproj", "{D18CFE0E-7F1F-46B7-9BB2-5B1967C9EEBC}"
EndProject
Global
	GlobalSection(SolutionConfigurationPlatforms) = preSolution
		Debug|Any CPU = Debug|Any CPU
		Release|Any CPU = Release|Any CPU
	EndGlobalSection
	GlobalSection(ProjectConfigurationPlatforms) = postSolution
		{48BBDA55-276F-4FA3-8D3E-C798630D725A}.Debug|Any CPU.ActiveCfg = Debug|Any CPU
		{48BBDA55-276F-4FA3-8D3E-C798630D725A}.Debug|Any CPU.Build.0 = Debug|Any CPU
		{48BBDA55-276F-4FA3-8D3E-C798630D725A}.Release|Any CPU.ActiveCfg = Release|Any CPU
		{48BBDA55-276F-4FA3-8D3E-C798630D725A}.Release|Any CPU.Build.0 = Release|Any CPU
		{D18CFE0E-7F1F-46B7-9BB2-5B1967C9EEBC}.Debug|Any CPU.ActiveCfg = Debug|Any CPU
		{D18CFE0E-7F1F-46B7-9BB2-5B1967C9EEBC}.Debug|Any CPU.Build.0 = Debug|Any CPU
		{D18CFE0E-7F1F-46B7-9BB2-5B1967C9EEBC}.Release|Any CPU.ActiveCfg = Release|Any CPU
		{D18CFE0E-7F1F-46B7-9BB2-5B1967C9EEBC}.Release|Any CPU.Build.0 = Release|Any CPU
	EndGlobalSection
EndGlobal
